<?xml version="1.0" encoding="utf-8"?>
<Project ToolsVersion="4.0" xmlns="http://schemas.microsoft.com/developer/msbuild/2003">
  <ItemGroup>
    <Filter Include="Resource Files">
      <UniqueIdentifier>{67DA6AB6-F800-4c08-8B7A-83BB121AAD01}</UniqueIdentifier>
      <Extensions>rc;ico;cur;bmp;dlg;rc2;rct;bin;rgs;gif;jpg;jpeg;jpe;resx;tiff;tif;png;wav;mfcribbon-ms</Extensions>
    </Filter>
    <Filter Include="Components">
      <UniqueIdentifier>{93995380-89BD-4b04-88EB-625FBE52EBFB}</UniqueIdentifier>
      <Extensions>h;hh;hpp;hxx;hm;inl;inc;xsd</Extensions>
    </Filter>
    <Filter Include="Manager">
      <UniqueIdentifier>{2d8de820-c5fa-4156-a81a-c61132662788}</UniqueIdentifier>
    </Filter>
    <Filter Include="SDLWrappers">
      <UniqueIdentifier>{6f3f2e1c-d47d-4f41-920b-0ad5c1785256}</UniqueIdentifier>
    </Filter>
    <Filter Include="other">
      <UniqueIdentifier>{4FC737F1-C7A5-4376-A066-2A32D752A2FF}</UniqueIdentifier>
      <Extensions>cpp;c;cc;cxx;def;odl;idl;hpj;bat;asm;asmx</Extensions>
    </Filter>
    <Filter Include="Imgui">
      <UniqueIdentifier>{b24f83aa-a367-462a-a03e-c04eab5809ed}</UniqueIdentifier>
    </Filter>
    <Filter Include="QBert">
      <UniqueIdentifier>{fe03ccc0-43a8-42a0-b1fe-fae76c5041a7}</UniqueIdentifier>
    </Filter>
    <Filter Include="Base">
      <UniqueIdentifier>{3bff3570-a113-45fb-9fb9-8b97c99f297b}</UniqueIdentifier>
    </Filter>
    <Filter Include="Helpers">
      <UniqueIdentifier>{20e416b6-5b36-4206-99b3-5ee30184c2cf}</UniqueIdentifier>
    </Filter>
    <Filter Include="QBert\QBert">
      <UniqueIdentifier>{95151d24-8777-44e7-a45d-91c0a0d6fe09}</UniqueIdentifier>
    </Filter>
    <Filter Include="QBert\Grid">
      <UniqueIdentifier>{4e698f4e-8efd-4d84-a1b5-7db017ad8cde}</UniqueIdentifier>
    </Filter>
    <Filter Include="QBert\Scenes">
      <UniqueIdentifier>{7d0978b7-3171-4c56-950b-852b50b8c25a}</UniqueIdentifier>
    </Filter>
  </ItemGroup>
  <ItemGroup>
    <ClInclude Include="IComponent.h">
      <Filter>Components</Filter>
    </ClInclude>
    <ClInclude Include="Transform.h">
      <Filter>Components</Filter>
    </ClInclude>
    <ClInclude Include="GameObject.h">
      <Filter>other</Filter>
    </ClInclude>
    <ClInclude Include="Scene.h">
      <Filter>other</Filter>
    </ClInclude>
    <ClInclude Include="ResourceManager.h">
      <Filter>Manager</Filter>
    </ClInclude>
    <ClInclude Include="SceneManager.h">
      <Filter>Manager</Filter>
    </ClInclude>
    <ClInclude Include="Font.h">
      <Filter>SDLWrappers</Filter>
    </ClInclude>
    <ClInclude Include="Renderer.h">
      <Filter>SDLWrappers</Filter>
    </ClInclude>
    <ClInclude Include="Texture2D.h">
      <Filter>SDLWrappers</Filter>
    </ClInclude>
    <ClInclude Include="Singleton.h">
      <Filter>Manager</Filter>
    </ClInclude>
    <ClInclude Include="..\3rdParty\Imgui_v1.81\imconfig.h">
      <Filter>Imgui</Filter>
    </ClInclude>
    <ClInclude Include="..\3rdParty\Imgui_v1.81\imgui.h">
      <Filter>Imgui</Filter>
    </ClInclude>
    <ClInclude Include="..\3rdParty\Imgui_v1.81\imgui_impl_opengl2.h">
      <Filter>Imgui</Filter>
    </ClInclude>
    <ClInclude Include="..\3rdParty\Imgui_v1.81\imgui_impl_sdl.h">
      <Filter>Imgui</Filter>
    </ClInclude>
    <ClInclude Include="..\3rdParty\Imgui_v1.81\imgui_internal.h">
      <Filter>Imgui</Filter>
    </ClInclude>
    <ClInclude Include="..\3rdParty\Imgui_v1.81\imstb_rectpack.h">
      <Filter>Imgui</Filter>
    </ClInclude>
    <ClInclude Include="..\3rdParty\Imgui_v1.81\imstb_textedit.h">
      <Filter>Imgui</Filter>
    </ClInclude>
    <ClInclude Include="..\3rdParty\Imgui_v1.81\imstb_truetype.h">
      <Filter>Imgui</Filter>
    </ClInclude>
    <ClInclude Include="Commands.h">
      <Filter>other</Filter>
    </ClInclude>
    <ClInclude Include="InputComponent.h">
      <Filter>Components</Filter>
    </ClInclude>
    <ClInclude Include="InputManager.h">
      <Filter>Manager</Filter>
    </ClInclude>
    <ClInclude Include="ObserverManager.h">
      <Filter>Manager</Filter>
    </ClInclude>
    <ClInclude Include="HealthComponent.h">
      <Filter>QBert</Filter>
    </ClInclude>
    <ClInclude Include="TextComponent.h">
      <Filter>Components</Filter>
    </ClInclude>
    <ClInclude Include="TextureComponent.h">
      <Filter>Components</Filter>
    </ClInclude>
    <ClInclude Include="FpsComponent.h">
      <Filter>Components</Filter>
    </ClInclude>
    <ClInclude Include="ServiceLocator.h">
      <Filter>Manager</Filter>
    </ClInclude>
    <ClInclude Include="SoundSystem.h">
      <Filter>Manager</Filter>
    </ClInclude>
    <ClInclude Include="SubjectComponent.h">
      <Filter>Components</Filter>
    </ClInclude>
    <ClInclude Include="IObserver.h">
      <Filter>other</Filter>
    </ClInclude>
    <ClInclude Include="MiniginPCH.h">
      <Filter>Base</Filter>
    </ClInclude>
    <ClInclude Include="SilverFoxEngine.h">
      <Filter>Base</Filter>
    </ClInclude>
    <ClInclude Include="MathHelper.h">
      <Filter>Helpers</Filter>
    </ClInclude>
    <ClInclude Include="utils.h">
      <Filter>Helpers</Filter>
    </ClInclude>
    <ClInclude Include="GameStatics.h">
      <Filter>Helpers</Filter>
    </ClInclude>
    <ClInclude Include="MoveComponent.h">
      <Filter>Components</Filter>
    </ClInclude>
    <ClInclude Include="Enums.h">
      <Filter>QBert</Filter>
    </ClInclude>
    <ClInclude Include="QBert_Behavior.h">
      <Filter>QBert\QBert</Filter>
    </ClInclude>
    <ClInclude Include="PlayerState.h">
      <Filter>QBert\QBert</Filter>
    </ClInclude>
    <ClInclude Include="Actions.h">
      <Filter>QBert\QBert</Filter>
    </ClInclude>
    <ClInclude Include="GridMovementComponent.h">
      <Filter>QBert\Grid</Filter>
    </ClInclude>
    <ClInclude Include="PlayFieldComponent.h">
      <Filter>QBert\Grid</Filter>
    </ClInclude>
    <ClInclude Include="TileData.h">
      <Filter>QBert\Grid</Filter>
    </ClInclude>
    <ClInclude Include="SceneSetup.h">
      <Filter>QBert\Scenes</Filter>
    </ClInclude>
    <ClInclude Include="DemoScene.h">
      <Filter>QBert\Scenes</Filter>
    </ClInclude>
    <ClInclude Include="Ugg_Behavior.h">
      <Filter>QBert</Filter>
    </ClInclude>
  </ItemGroup>
  <ItemGroup>
    <ClCompile Include="Scene.cpp">
      <Filter>other</Filter>
    </ClCompile>
    <ClCompile Include="GameObject.cpp">
      <Filter>other</Filter>
    </ClCompile>
    <ClCompile Include="IComponent.cpp">
      <Filter>Components</Filter>
    </ClCompile>
    <ClCompile Include="Transform.cpp">
      <Filter>Components</Filter>
    </ClCompile>
    <ClCompile Include="ResourceManager.cpp">
      <Filter>Manager</Filter>
    </ClCompile>
    <ClCompile Include="SceneManager.cpp">
      <Filter>Manager</Filter>
    </ClCompile>
    <ClCompile Include="Font.cpp">
      <Filter>SDLWrappers</Filter>
    </ClCompile>
    <ClCompile Include="Renderer.cpp">
      <Filter>SDLWrappers</Filter>
    </ClCompile>
    <ClCompile Include="Texture2D.cpp">
      <Filter>SDLWrappers</Filter>
    </ClCompile>
    <ClCompile Include="..\3rdParty\Imgui_v1.81\imgui.cpp">
      <Filter>Imgui</Filter>
    </ClCompile>
    <ClCompile Include="..\3rdParty\Imgui_v1.81\imgui_demo.cpp">
      <Filter>Imgui</Filter>
    </ClCompile>
    <ClCompile Include="..\3rdParty\Imgui_v1.81\imgui_draw.cpp">
      <Filter>Imgui</Filter>
    </ClCompile>
    <ClCompile Include="..\3rdParty\Imgui_v1.81\imgui_impl_opengl2.cpp">
      <Filter>Imgui</Filter>
    </ClCompile>
    <ClCompile Include="..\3rdParty\Imgui_v1.81\imgui_impl_sdl.cpp">
      <Filter>Imgui</Filter>
    </ClCompile>
    <ClCompile Include="..\3rdParty\Imgui_v1.81\imgui_tables.cpp">
      <Filter>Imgui</Filter>
    </ClCompile>
    <ClCompile Include="..\3rdParty\Imgui_v1.81\imgui_widgets.cpp">
      <Filter>Imgui</Filter>
    </ClCompile>
    <ClCompile Include="Commands.cpp">
      <Filter>other</Filter>
    </ClCompile>
    <ClCompile Include="InputComponent.cpp">
      <Filter>Components</Filter>
    </ClCompile>
    <ClCompile Include="InputManager.cpp">
      <Filter>Manager</Filter>
    </ClCompile>
    <ClCompile Include="ObserverManager.cpp">
      <Filter>Manager</Filter>
    </ClCompile>
    <ClCompile Include="HealthComponent.cpp">
      <Filter>QBert</Filter>
    </ClCompile>
    <ClCompile Include="TextComponent.cpp">
      <Filter>Components</Filter>
    </ClCompile>
    <ClCompile Include="TextureComponent.cpp">
      <Filter>Components</Filter>
    </ClCompile>
    <ClCompile Include="FpsComponent.cpp">
      <Filter>Components</Filter>
    </ClCompile>
    <ClCompile Include="ServiceLocator.cpp">
      <Filter>Manager</Filter>
    </ClCompile>
    <ClCompile Include="SoundSystem.cpp">
      <Filter>Manager</Filter>
    </ClCompile>
    <ClCompile Include="SubjectComponent.cpp">
      <Filter>Components</Filter>
    </ClCompile>
    <ClCompile Include="IObserver.cpp">
      <Filter>other</Filter>
    </ClCompile>
    <ClCompile Include="Main.cpp">
      <Filter>Base</Filter>
    </ClCompile>
    <ClCompile Include="MiniginPCH.cpp">
      <Filter>Base</Filter>
    </ClCompile>
    <ClCompile Include="SilverFoxEngine.cpp">
      <Filter>Base</Filter>
    </ClCompile>
    <ClCompile Include="GameStatics.cpp">
      <Filter>Helpers</Filter>
    </ClCompile>
    <ClCompile Include="MoveComponent.cpp">
      <Filter>Components</Filter>
    </ClCompile>
    <ClCompile Include="QBert_Behavior.cpp">
      <Filter>QBert\QBert</Filter>
    </ClCompile>
    <ClCompile Include="PlayerState.cpp">
      <Filter>QBert\QBert</Filter>
    </ClCompile>
    <ClCompile Include="GridMovementComponent.cpp">
      <Filter>QBert\Grid</Filter>
    </ClCompile>
    <ClCompile Include="PlayFieldComponent.cpp">
      <Filter>QBert\Grid</Filter>
    </ClCompile>
    <ClCompile Include="TileData.cpp">
      <Filter>QBert\Grid</Filter>
    </ClCompile>
    <ClCompile Include="SceneSetup.cpp">
      <Filter>QBert\Scenes</Filter>
    </ClCompile>
    <ClCompile Include="DemoScene.cpp">
      <Filter>QBert\Scenes</Filter>
    </ClCompile>
    <ClCompile Include="Ugg_Behavior.cpp">
      <Filter>QBert</Filter>
    </ClCompile>
  </ItemGroup>
</Project>